
Microsoft Visual Studio Solution File, Format Version 12.00
# Visual Studio 2013
VisualStudioVersion = 12.0.31101.0
MinimumVisualStudioVersion = 10.0.40219.1
Project("{8BC9CEB8-8B4A-11D0-8D11-00A0C91BC942}") = "sqlite3lib", "build\sqlite3lib\sqlite3lib.vcxproj", "{5104BC68-6E98-864B-9DBC-8D87F537B771}"
EndProject
Project("{8BC9CEB8-8B4A-11D0-8D11-00A0C91BC942}") = "sqlite3dll", "build\sqlite3dll\sqlite3dll.vcxproj", "{DA8570DF-BED3-8844-BF37-CBBACB650F31}"
EndProject
Project("{8BC9CEB8-8B4A-11D0-8D11-00A0C91BC942}") = "sqlite3shell", "build\sqlite3shell\sqlite3shell.vcxproj", "{BA98AAC1-AACD-2F4F-8EDB-CF7C62668BC4}"
	ProjectSection(ProjectDependencies) = postProject
		{5104BC68-6E98-864B-9DBC-8D87F537B771} = {5104BC68-6E98-864B-9DBC-8D87F537B771}
	EndProjectSection
EndProject
Global
	GlobalSection(SolutionConfigurationPlatforms) = preSolution
		Debug AES128|Win32 = Debug AES128|Win32
		Debug AES128|x64 = Debug AES128|x64
		Debug AES256|Win32 = Debug AES256|Win32
		Debug AES256|x64 = Debug AES256|x64
		Release AES128|Win32 = Release AES128|Win32
		Release AES128|x64 = Release AES128|x64
		Release AES256|Win32 = Release AES256|Win32
		Release AES256|x64 = Release AES256|x64
	EndGlobalSection
	GlobalSection(ProjectConfigurationPlatforms) = postSolution
		{5104BC68-6E98-864B-9DBC-8D87F537B771}.Debug AES128|Win32.ActiveCfg = Debug AES128|Win32
		{5104BC68-6E98-864B-9DBC-8D87F537B771}.Debug AES128|Win32.Build.0 = Debug AES128|Win32
		{5104BC68-6E98-864B-9DBC-8D87F537B771}.Debug AES128|x64.ActiveCfg = Debug AES128|x64
		{5104BC68-6E98-864B-9DBC-8D87F537B771}.Debug AES128|x64.Build.0 = Debug AES128|x64
		{5104BC68-6E98-864B-9DBC-8D87F537B771}.Debug AES256|Win32.ActiveCfg = Debug AES256|Win32
		{5104BC68-6E98-864B-9DBC-8D87F537B771}.Debug AES256|Win32.Build.0 = Debug AES256|Win32
		{5104BC68-6E98-864B-9DBC-8D87F537B771}.Debug AES256|x64.ActiveCfg = Debug AES256|x64
		{5104BC68-6E98-864B-9DBC-8D87F537B771}.Debug AES256|x64.Build.0 = Debug AES256|x64
		{5104BC68-6E98-864B-9DBC-8D87F537B771}.Release AES128|Win32.ActiveCfg = Release AES128|Win32
		{5104BC68-6E98-864B-9DBC-8D87F537B771}.Release AES128|Win32.Build.0 = Release AES128|Win32
		{5104BC68-6E98-864B-9DBC-8D87F537B771}.Release AES128|x64.ActiveCfg = Release AES128|x64
		{5104BC68-6E98-864B-9DBC-8D87F537B771}.Release AES128|x64.Build.0 = Release AES128|x64
		{5104BC68-6E98-864B-9DBC-8D87F537B771}.Release AES256|Win32.ActiveCfg = Release AES256|Win32
		{5104BC68-6E98-864B-9DBC-8D87F537B771}.Release AES256|Win32.Build.0 = Release AES256|Win32
		{5104BC68-6E98-864B-9DBC-8D87F537B771}.Release AES256|x64.ActiveCfg = Release AES256|x64
		{5104BC68-6E98-864B-9DBC-8D87F537B771}.Release AES256|x64.Build.0 = Release AES256|x64
		{DA8570DF-BED3-8844-BF37-CBBACB650F31}.Debug AES128|Win32.ActiveCfg = Debug AES128|Win32
		{DA8570DF-BED3-8844-BF37-CBBACB650F31}.Debug AES128|Win32.Build.0 = Debug AES128|Win32
		{DA8570DF-BED3-8844-BF37-CBBACB650F31}.Debug AES128|x64.ActiveCfg = Debug AES128|x64
		{DA8570DF-BED3-8844-BF37-CBBACB650F31}.Debug AES128|x64.Build.0 = Debug AES128|x64
		{DA8570DF-BED3-8844-BF37-CBBACB650F31}.Debug AES256|Win32.ActiveCfg = Debug AES256|Win32
		{DA8570DF-BED3-8844-BF37-CBBACB650F31}.Debug AES256|Win32.Build.0 = Debug AES256|Win32
		{DA8570DF-BED3-8844-BF37-CBBACB650F31}.Debug AES256|x64.ActiveCfg = Debug AES256|x64
		{DA8570DF-BED3-8844-BF37-CBBACB650F31}.Debug AES256|x64.Build.0 = Debug AES256|x64
		{DA8570DF-BED3-8844-BF37-CBBACB650F31}.Release AES128|Win32.ActiveCfg = Release AES128|Win32
		{DA8570DF-BED3-8844-BF37-CBBACB650F31}.Release AES128|Win32.Build.0 = Release AES128|Win32
		{DA8570DF-BED3-8844-BF37-CBBACB650F31}.Release AES128|x64.ActiveCfg = Release AES128|x64
		{DA8570DF-BED3-8844-BF37-CBBACB650F31}.Release AES128|x64.Build.0 = Release AES128|x64
		{DA8570DF-BED3-8844-BF37-CBBACB650F31}.Release AES256|Win32.ActiveCfg = Release AES256|Win32
		{DA8570DF-BED3-8844-BF37-CBBACB650F31}.Release AES256|Win32.Build.0 = Release AES256|Win32
		{DA8570DF-BED3-8844-BF37-CBBACB650F31}.Release AES256|x64.ActiveCfg = Release AES256|x64
		{DA8570DF-BED3-8844-BF37-CBBACB650F31}.Release AES256|x64.Build.0 = Release AES256|x64
		{BA98AAC1-AACD-2F4F-8EDB-CF7C62668BC4}.Debug AES128|Win32.ActiveCfg = Debug AES128|Win32
		{BA98AAC1-AACD-2F4F-8EDB-CF7C62668BC4}.Debug AES128|Win32.Build.0 = Debug AES128|Win32
		{BA98AAC1-AACD-2F4F-8EDB-CF7C62668BC4}.Debug AES128|x64.ActiveCfg = Debug AES128|x64
		{BA98AAC1-AACD-2F4F-8EDB-CF7C62668BC4}.Debug AES128|x64.Build.0 = Debug AES128|x64
		{BA98AAC1-AACD-2F4F-8EDB-CF7C62668BC4}.Debug AES256|Win32.ActiveCfg = Debug AES256|Win32
		{BA98AAC1-AACD-2F4F-8EDB-CF7C62668BC4}.Debug AES256|Win32.Build.0 = Debug AES256|Win32
		{BA98AAC1-AACD-2F4F-8EDB-CF7C62668BC4}.Debug AES256|x64.ActiveCfg = Debug AES256|x64
		{BA98AAC1-AACD-2F4F-8EDB-CF7C62668BC4}.Debug AES256|x64.Build.0 = Debug AES256|x64
		{BA98AAC1-AACD-2F4F-8EDB-CF7C62668BC4}.Release AES128|Win32.ActiveCfg = Release AES128|Win32
		{BA98AAC1-AACD-2F4F-8EDB-CF7C62668BC4}.Release AES128|Win32.Build.0 = Release AES128|Win32
		{BA98AAC1-AACD-2F4F-8EDB-CF7C62668BC4}.Release AES128|x64.ActiveCfg = Release AES128|x64
		{BA98AAC1-AACD-2F4F-8EDB-CF7C62668BC4}.Release AES128|x64.Build.0 = Release AES128|x64
		{BA98AAC1-AACD-2F4F-8EDB-CF7C62668BC4}.Release AES256|Win32.ActiveCfg = Release AES256|Win32
		{BA98AAC1-AACD-2F4F-8EDB-CF7C62668BC4}.Release AES256|Win32.Build.0 = Release AES256|Win32
		{BA98AAC1-AACD-2F4F-8EDB-CF7C62668BC4}.Release AES256|x64.ActiveCfg = Release AES256|x64
		{BA98AAC1-AACD-2F4F-8EDB-CF7C62668BC4}.Release AES256|x64.Build.0 = Release AES256|x64
	EndGlobalSection
	GlobalSection(SolutionProperties) = preSolution
		HideSolutionNode = FALSE
	EndGlobalSection
EndGlobal
